
Microsoft Visual Studio Solution File, Format Version 12.00
# Visual Studio 16
VisualStudioVersion = 15.0.26430.12
MinimumVisualStudioVersion = 10.0.40219.1
Project("{2150E333-8FDC-42A3-9474-1A3956D46DE8}") = "Newt", "Newt", "{AF64F442-6C64-420F-9319-EB0A14A25C1B}"
EndProject
Project("{2150E333-8FDC-42A3-9474-1A3956D46DE8}") = "Orig", "Orig", "{40030C7C-57FF-420D-9407-80D84DD6AF1E}"
EndProject
Project("{2150E333-8FDC-42A3-9474-1A3956D46DE8}") = "v1", "v1", "{772C4AD2-4915-4502-A2C9-8940439B4164}"
EndProject
Project("{2150E333-8FDC-42A3-9474-1A3956D46DE8}") = "v2", "v2", "{6D791675-FAEF-40A6-A6E3-C341C98B840C}"
EndProject
Project("{FAE04EC0-301F-11D3-BF4B-00C04F79EFBC}") = "GameTester", "GameTester\GameTester.csproj", "{41492AD1-890D-47F5-B3CA-A33B29364482}"
EndProject
Project("{FAE04EC0-301F-11D3-BF4B-00C04F79EFBC}") = "HelperClassesCore", "HelperClassesCore\HelperClassesCore.csproj", "{228F5901-5156-43DF-B377-627D80B4FDBC}"
EndProject
Project("{FAE04EC0-301F-11D3-BF4B-00C04F79EFBC}") = "HelperClassesWPF", "HelperClassesWPF\HelperClassesWPF.csproj", "{0F6B42D4-C2C8-499A-897D-76D4CE6D0DB6}"
EndProject
Project("{FAE04EC0-301F-11D3-BF4B-00C04F79EFBC}") = "HelperClassesOrig", "Orig\HelperClasses\HelperClassesOrig.csproj", "{F625ABD5-0378-4524-BA6F-A89C63D546FE}"
EndProject
Project("{FAE04EC0-301F-11D3-BF4B-00C04F79EFBC}") = "HelperClassesGDI", "Orig\HelperClassesGDI\HelperClassesGDI.csproj", "{491C4322-B760-4898-AE62-F52029C6C78D}"
EndProject
Project("{FAE04EC0-301F-11D3-BF4B-00C04F79EFBC}") = "HelperClassesWPF_orig", "Orig\HelperClassesWPF_orig\HelperClassesWPF_orig.csproj", "{94B5B104-07B0-4014-B17C-E09C6F18F473}"
EndProject
Project("{FAE04EC0-301F-11D3-BF4B-00C04F79EFBC}") = "Map", "Orig\Map\Map.csproj", "{9595B310-A0E9-48A0-A011-91584138C027}"
EndProject
Project("{FAE04EC0-301F-11D3-BF4B-00C04F79EFBC}") = "Math3D", "Orig\Math3D\Math3D.csproj", "{68F469F1-0A7D-4E74-B311-E29583551D6D}"
EndProject
Project("{FAE04EC0-301F-11D3-BF4B-00C04F79EFBC}") = "TestersGDI", "Orig\TestersGDI\TestersGDI.csproj", "{DA0C3B05-D45D-4F47-8F3A-9FA38A2DBA70}"
EndProject
Project("{FAE04EC0-301F-11D3-BF4B-00C04F79EFBC}") = "TestersWPF", "Orig\TestersWPF\TestersWPF.csproj", "{E5965C20-42B3-4F56-BCA4-68509E2AC19F}"
EndProject
Project("{FAE04EC0-301F-11D3-BF4B-00C04F79EFBC}") = "NewtonDynamics1", "Newt\v1\NewtonDynamics1\NewtonDynamics1.csproj", "{57517A06-CFFA-471D-B540-819727E3AAE7}"
EndProject
Project("{FAE04EC0-301F-11D3-BF4B-00C04F79EFBC}") = "AsteroidMiner1", "Newt\v1\AsteroidMiner1\AsteroidMiner1.csproj", "{B2665AD3-8C78-4A12-A6D9-F117225AD904}"
EndProject
Project("{FAE04EC0-301F-11D3-BF4B-00C04F79EFBC}") = "NewtonDynamics", "Newt\v2\NewtonDynamics\NewtonDynamics.csproj", "{6C91684B-DE51-4CBB-920D-F5B267709799}"
	ProjectSection(ProjectDependencies) = postProject
		{0F6B42D4-C2C8-499A-897D-76D4CE6D0DB6} = {0F6B42D4-C2C8-499A-897D-76D4CE6D0DB6}
	EndProjectSection
EndProject
Project("{FAE04EC0-301F-11D3-BF4B-00C04F79EFBC}") = "AsteroidMiner", "Newt\v2\AsteroidMiner\AsteroidMiner.csproj", "{A80968C6-78CD-4D22-BFE9-364991784478}"
	ProjectSection(ProjectDependencies) = postProject
		{0F6B42D4-C2C8-499A-897D-76D4CE6D0DB6} = {0F6B42D4-C2C8-499A-897D-76D4CE6D0DB6}
	EndProjectSection
EndProject
Project("{FAE04EC0-301F-11D3-BF4B-00C04F79EFBC}") = "Testers", "Newt\Testers\Testers.csproj", "{713AC9D0-DA1D-40D3-8002-70D2CC5C4D6F}"
EndProject
Project("{2150E333-8FDC-42A3-9474-1A3956D46DE8}") = "Solution Items", "Solution Items", "{7EA27D92-721D-4222-AA1D-49923275C0E3}"
EndProject
Project("{FAE04EC0-301F-11D3-BF4B-00C04F79EFBC}") = "GameItems", "Newt\v2\GameItems\GameItems.csproj", "{A3CA9A78-4FAF-47C0-9CD0-9B864DF7BAE5}"
EndProject
Project("{FAE04EC0-301F-11D3-BF4B-00C04F79EFBC}") = "FlyingBeans", "Newt\v2\FlyingBeans\FlyingBeans.csproj", "{6F3E4854-5CD6-4863-AB2D-F5BEEE5EC0D1}"
EndProject
Project("{FAE04EC0-301F-11D3-BF4B-00C04F79EFBC}") = "Arcanorum", "Newt\v2\Arcanorum\Arcanorum.csproj", "{ECC151BE-22FF-4D6D-9A13-27CED43257C2}"
EndProject
Project("{FAE04EC0-301F-11D3-BF4B-00C04F79EFBC}") = "GenePool", "Newt\v2\GenePool\GenePool.csproj", "{65B4CECD-3124-4C42-8B02-A4B09F3C8DE7}"
EndProject
Project("{FAE04EC0-301F-11D3-BF4B-00C04F79EFBC}") = "HelperClassesAI", "HelperClassesAI\HelperClassesAI.csproj", "{BD763BB3-B9AB-4252-8265-CCB718B4519A}"
EndProject
Project("{FAE04EC0-301F-11D3-BF4B-00C04F79EFBC}") = "MissileCommand", "Newt\v2\MissileCommand\MissileCommand.csproj", "{23D67714-0E29-442E-88B5-577E6B56A04B}"
EndProject
Project("{2150E333-8FDC-42A3-9474-1A3956D46DE8}") = "referenced projects", "referenced projects", "{BD0F359F-F72F-45E2-BC14-70ED2814309D}"
EndProject
Project("{FAE04EC0-301F-11D3-BF4B-00C04F79EFBC}") = "SharpNeatLib", "ref\SharpNeatLib\SharpNeatLib.csproj", "{ABC5C77A-DEBA-420C-926C-BD3E6F37AE15}"
EndProject
Project("{FAE04EC0-301F-11D3-BF4B-00C04F79EFBC}") = "SharpNeatViewLib", "ref\SharpNeatViewLib\SharpNeatViewLib.csproj", "{4EA80D7B-B680-4AB8-BC4A-B51AF33A3FDE}"
EndProject
Project("{FAE04EC0-301F-11D3-BF4B-00C04F79EFBC}") = "SharpNeatDomains", "ref\SharpNeatDomains\SharpNeatDomains.csproj", "{73AB8C8C-6315-4DC7-A3DE-3C747F86AC78}"
EndProject
Global
	GlobalSection(Performance) = preSolution
		HasPerformanceSessions = true
	EndGlobalSection
	GlobalSection(SolutionConfigurationPlatforms) = preSolution
		Debug|Any CPU = Debug|Any CPU
		Release|Any CPU = Release|Any CPU
	EndGlobalSection
	GlobalSection(ProjectConfigurationPlatforms) = postSolution
		{41492AD1-890D-47F5-B3CA-A33B29364482}.Debug|Any CPU.ActiveCfg = Debug|Any CPU
		{41492AD1-890D-47F5-B3CA-A33B29364482}.Debug|Any CPU.Build.0 = Debug|Any CPU
		{41492AD1-890D-47F5-B3CA-A33B29364482}.Release|Any CPU.ActiveCfg = Release|Any CPU
		{41492AD1-890D-47F5-B3CA-A33B29364482}.Release|Any CPU.Build.0 = Release|Any CPU
		{228F5901-5156-43DF-B377-627D80B4FDBC}.Debug|Any CPU.ActiveCfg = Debug|Any CPU
		{228F5901-5156-43DF-B377-627D80B4FDBC}.Debug|Any CPU.Build.0 = Debug|Any CPU
		{228F5901-5156-43DF-B377-627D80B4FDBC}.Release|Any CPU.ActiveCfg = Release|Any CPU
		{228F5901-5156-43DF-B377-627D80B4FDBC}.Release|Any CPU.Build.0 = Release|Any CPU
		{0F6B42D4-C2C8-499A-897D-76D4CE6D0DB6}.Debug|Any CPU.ActiveCfg = Debug|Any CPU
		{0F6B42D4-C2C8-499A-897D-76D4CE6D0DB6}.Debug|Any CPU.Build.0 = Debug|Any CPU
		{0F6B42D4-C2C8-499A-897D-76D4CE6D0DB6}.Release|Any CPU.ActiveCfg = Release|Any CPU
		{0F6B42D4-C2C8-499A-897D-76D4CE6D0DB6}.Release|Any CPU.Build.0 = Release|Any CPU
		{F625ABD5-0378-4524-BA6F-A89C63D546FE}.Debug|Any CPU.ActiveCfg = Debug|Any CPU
		{F625ABD5-0378-4524-BA6F-A89C63D546FE}.Debug|Any CPU.Build.0 = Debug|Any CPU
		{F625ABD5-0378-4524-BA6F-A89C63D546FE}.Release|Any CPU.ActiveCfg = Release|Any CPU
		{F625ABD5-0378-4524-BA6F-A89C63D546FE}.Release|Any CPU.Build.0 = Release|Any CPU
		{491C4322-B760-4898-AE62-F52029C6C78D}.Debug|Any CPU.ActiveCfg = Debug|Any CPU
		{491C4322-B760-4898-AE62-F52029C6C78D}.Debug|Any CPU.Build.0 = Debug|Any CPU
		{491C4322-B760-4898-AE62-F52029C6C78D}.Release|Any CPU.ActiveCfg = Release|Any CPU
		{491C4322-B760-4898-AE62-F52029C6C78D}.Release|Any CPU.Build.0 = Release|Any CPU
		{94B5B104-07B0-4014-B17C-E09C6F18F473}.Debug|Any CPU.ActiveCfg = Debug|Any CPU
		{94B5B104-07B0-4014-B17C-E09C6F18F473}.Debug|Any CPU.Build.0 = Debug|Any CPU
		{94B5B104-07B0-4014-B17C-E09C6F18F473}.Release|Any CPU.ActiveCfg = Release|Any CPU
		{94B5B104-07B0-4014-B17C-E09C6F18F473}.Release|Any CPU.Build.0 = Release|Any CPU
		{9595B310-A0E9-48A0-A011-91584138C027}.Debug|Any CPU.ActiveCfg = Debug|Any CPU
		{9595B310-A0E9-48A0-A011-91584138C027}.Debug|Any CPU.Build.0 = Debug|Any CPU
		{9595B310-A0E9-48A0-A011-91584138C027}.Release|Any CPU.ActiveCfg = Release|Any CPU
		{9595B310-A0E9-48A0-A011-91584138C027}.Release|Any CPU.Build.0 = Release|Any CPU
		{68F469F1-0A7D-4E74-B311-E29583551D6D}.Debug|Any CPU.ActiveCfg = Debug|Any CPU
		{68F469F1-0A7D-4E74-B311-E29583551D6D}.Debug|Any CPU.Build.0 = Debug|Any CPU
		{68F469F1-0A7D-4E74-B311-E29583551D6D}.Release|Any CPU.ActiveCfg = Release|Any CPU
		{68F469F1-0A7D-4E74-B311-E29583551D6D}.Release|Any CPU.Build.0 = Release|Any CPU
		{DA0C3B05-D45D-4F47-8F3A-9FA38A2DBA70}.Debug|Any CPU.ActiveCfg = Debug|Any CPU
		{DA0C3B05-D45D-4F47-8F3A-9FA38A2DBA70}.Debug|Any CPU.Build.0 = Debug|Any CPU
		{DA0C3B05-D45D-4F47-8F3A-9FA38A2DBA70}.Release|Any CPU.ActiveCfg = Release|Any CPU
		{DA0C3B05-D45D-4F47-8F3A-9FA38A2DBA70}.Release|Any CPU.Build.0 = Release|Any CPU
		{E5965C20-42B3-4F56-BCA4-68509E2AC19F}.Debug|Any CPU.ActiveCfg = Debug|Any CPU
		{E5965C20-42B3-4F56-BCA4-68509E2AC19F}.Debug|Any CPU.Build.0 = Debug|Any CPU
		{E5965C20-42B3-4F56-BCA4-68509E2AC19F}.Release|Any CPU.ActiveCfg = Release|Any CPU
		{E5965C20-42B3-4F56-BCA4-68509E2AC19F}.Release|Any CPU.Build.0 = Release|Any CPU
		{57517A06-CFFA-471D-B540-819727E3AAE7}.Debug|Any CPU.ActiveCfg = Debug|Any CPU
		{57517A06-CFFA-471D-B540-819727E3AAE7}.Debug|Any CPU.Build.0 = Debug|Any CPU
		{57517A06-CFFA-471D-B540-819727E3AAE7}.Release|Any CPU.ActiveCfg = Release|Any CPU
		{57517A06-CFFA-471D-B540-819727E3AAE7}.Release|Any CPU.Build.0 = Release|Any CPU
		{B2665AD3-8C78-4A12-A6D9-F117225AD904}.Debug|Any CPU.ActiveCfg = Debug|Any CPU
		{B2665AD3-8C78-4A12-A6D9-F117225AD904}.Debug|Any CPU.Build.0 = Debug|Any CPU
		{B2665AD3-8C78-4A12-A6D9-F117225AD904}.Release|Any CPU.ActiveCfg = Release|Any CPU
		{B2665AD3-8C78-4A12-A6D9-F117225AD904}.Release|Any CPU.Build.0 = Release|Any CPU
		{6C91684B-DE51-4CBB-920D-F5B267709799}.Debug|Any CPU.ActiveCfg = Debug|Any CPU
		{6C91684B-DE51-4CBB-920D-F5B267709799}.Debug|Any CPU.Build.0 = Debug|Any CPU
		{6C91684B-DE51-4CBB-920D-F5B267709799}.Release|Any CPU.ActiveCfg = Release|Any CPU
		{6C91684B-DE51-4CBB-920D-F5B267709799}.Release|Any CPU.Build.0 = Release|Any CPU
		{A80968C6-78CD-4D22-BFE9-364991784478}.Debug|Any CPU.ActiveCfg = Debug|Any CPU
		{A80968C6-78CD-4D22-BFE9-364991784478}.Debug|Any CPU.Build.0 = Debug|Any CPU
		{A80968C6-78CD-4D22-BFE9-364991784478}.Release|Any CPU.ActiveCfg = Release|Any CPU
		{A80968C6-78CD-4D22-BFE9-364991784478}.Release|Any CPU.Build.0 = Release|Any CPU
		{713AC9D0-DA1D-40D3-8002-70D2CC5C4D6F}.Debug|Any CPU.ActiveCfg = Debug|Any CPU
		{713AC9D0-DA1D-40D3-8002-70D2CC5C4D6F}.Debug|Any CPU.Build.0 = Debug|Any CPU
		{713AC9D0-DA1D-40D3-8002-70D2CC5C4D6F}.Release|Any CPU.ActiveCfg = Release|Any CPU
		{713AC9D0-DA1D-40D3-8002-70D2CC5C4D6F}.Release|Any CPU.Build.0 = Release|Any CPU
		{A3CA9A78-4FAF-47C0-9CD0-9B864DF7BAE5}.Debug|Any CPU.ActiveCfg = Debug|Any CPU
		{A3CA9A78-4FAF-47C0-9CD0-9B864DF7BAE5}.Debug|Any CPU.Build.0 = Debug|Any CPU
		{A3CA9A78-4FAF-47C0-9CD0-9B864DF7BAE5}.Release|Any CPU.ActiveCfg = Release|Any CPU
		{A3CA9A78-4FAF-47C0-9CD0-9B864DF7BAE5}.Release|Any CPU.Build.0 = Release|Any CPU
		{6F3E4854-5CD6-4863-AB2D-F5BEEE5EC0D1}.Debug|Any CPU.ActiveCfg = Debug|Any CPU
		{6F3E4854-5CD6-4863-AB2D-F5BEEE5EC0D1}.Debug|Any CPU.Build.0 = Debug|Any CPU
		{6F3E4854-5CD6-4863-AB2D-F5BEEE5EC0D1}.Release|Any CPU.ActiveCfg = Release|Any CPU
		{6F3E4854-5CD6-4863-AB2D-F5BEEE5EC0D1}.Release|Any CPU.Build.0 = Release|Any CPU
		{ECC151BE-22FF-4D6D-9A13-27CED43257C2}.Debug|Any CPU.ActiveCfg = Debug|Any CPU
		{ECC151BE-22FF-4D6D-9A13-27CED43257C2}.Debug|Any CPU.Build.0 = Debug|Any CPU
		{ECC151BE-22FF-4D6D-9A13-27CED43257C2}.Release|Any CPU.ActiveCfg = Release|Any CPU
		{ECC151BE-22FF-4D6D-9A13-27CED43257C2}.Release|Any CPU.Build.0 = Release|Any CPU
		{65B4CECD-3124-4C42-8B02-A4B09F3C8DE7}.Debug|Any CPU.ActiveCfg = Debug|Any CPU
		{65B4CECD-3124-4C42-8B02-A4B09F3C8DE7}.Debug|Any CPU.Build.0 = Debug|Any CPU
		{65B4CECD-3124-4C42-8B02-A4B09F3C8DE7}.Release|Any CPU.ActiveCfg = Release|Any CPU
		{65B4CECD-3124-4C42-8B02-A4B09F3C8DE7}.Release|Any CPU.Build.0 = Release|Any CPU
		{BD763BB3-B9AB-4252-8265-CCB718B4519A}.Debug|Any CPU.ActiveCfg = Debug|Any CPU
		{BD763BB3-B9AB-4252-8265-CCB718B4519A}.Debug|Any CPU.Build.0 = Debug|Any CPU
		{BD763BB3-B9AB-4252-8265-CCB718B4519A}.Release|Any CPU.ActiveCfg = Release|Any CPU
		{BD763BB3-B9AB-4252-8265-CCB718B4519A}.Release|Any CPU.Build.0 = Release|Any CPU
		{23D67714-0E29-442E-88B5-577E6B56A04B}.Debug|Any CPU.ActiveCfg = Debug|Any CPU
		{23D67714-0E29-442E-88B5-577E6B56A04B}.Debug|Any CPU.Build.0 = Debug|Any CPU
		{23D67714-0E29-442E-88B5-577E6B56A04B}.Release|Any CPU.ActiveCfg = Release|Any CPU
		{23D67714-0E29-442E-88B5-577E6B56A04B}.Release|Any CPU.Build.0 = Release|Any CPU
		{ABC5C77A-DEBA-420C-926C-BD3E6F37AE15}.Debug|Any CPU.ActiveCfg = Debug|Any CPU
		{ABC5C77A-DEBA-420C-926C-BD3E6F37AE15}.Debug|Any CPU.Build.0 = Debug|Any CPU
		{ABC5C77A-DEBA-420C-926C-BD3E6F37AE15}.Release|Any CPU.ActiveCfg = Release|Any CPU
		{ABC5C77A-DEBA-420C-926C-BD3E6F37AE15}.Release|Any CPU.Build.0 = Release|Any CPU
		{4EA80D7B-B680-4AB8-BC4A-B51AF33A3FDE}.Debug|Any CPU.ActiveCfg = Debug|Any CPU
		{4EA80D7B-B680-4AB8-BC4A-B51AF33A3FDE}.Debug|Any CPU.Build.0 = Debug|Any CPU
		{4EA80D7B-B680-4AB8-BC4A-B51AF33A3FDE}.Release|Any CPU.ActiveCfg = Release|Any CPU
		{4EA80D7B-B680-4AB8-BC4A-B51AF33A3FDE}.Release|Any CPU.Build.0 = Release|Any CPU
		{73AB8C8C-6315-4DC7-A3DE-3C747F86AC78}.Debug|Any CPU.ActiveCfg = Debug|Any CPU
		{73AB8C8C-6315-4DC7-A3DE-3C747F86AC78}.Debug|Any CPU.Build.0 = Debug|Any CPU
		{73AB8C8C-6315-4DC7-A3DE-3C747F86AC78}.Release|Any CPU.ActiveCfg = Release|Any CPU
		{73AB8C8C-6315-4DC7-A3DE-3C747F86AC78}.Release|Any CPU.Build.0 = Release|Any CPU
	EndGlobalSection
	GlobalSection(SolutionProperties) = preSolution
		HideSolutionNode = FALSE
	EndGlobalSection
	GlobalSection(NestedProjects) = preSolution
		{772C4AD2-4915-4502-A2C9-8940439B4164} = {AF64F442-6C64-420F-9319-EB0A14A25C1B}
		{6D791675-FAEF-40A6-A6E3-C341C98B840C} = {AF64F442-6C64-420F-9319-EB0A14A25C1B}
		{F625ABD5-0378-4524-BA6F-A89C63D546FE} = {40030C7C-57FF-420D-9407-80D84DD6AF1E}
		{491C4322-B760-4898-AE62-F52029C6C78D} = {40030C7C-57FF-420D-9407-80D84DD6AF1E}
		{94B5B104-07B0-4014-B17C-E09C6F18F473} = {40030C7C-57FF-420D-9407-80D84DD6AF1E}
		{9595B310-A0E9-48A0-A011-91584138C027} = {40030C7C-57FF-420D-9407-80D84DD6AF1E}
		{68F469F1-0A7D-4E74-B311-E29583551D6D} = {40030C7C-57FF-420D-9407-80D84DD6AF1E}
		{DA0C3B05-D45D-4F47-8F3A-9FA38A2DBA70} = {40030C7C-57FF-420D-9407-80D84DD6AF1E}
		{E5965C20-42B3-4F56-BCA4-68509E2AC19F} = {40030C7C-57FF-420D-9407-80D84DD6AF1E}
		{57517A06-CFFA-471D-B540-819727E3AAE7} = {772C4AD2-4915-4502-A2C9-8940439B4164}
		{B2665AD3-8C78-4A12-A6D9-F117225AD904} = {772C4AD2-4915-4502-A2C9-8940439B4164}
		{6C91684B-DE51-4CBB-920D-F5B267709799} = {6D791675-FAEF-40A6-A6E3-C341C98B840C}
		{A80968C6-78CD-4D22-BFE9-364991784478} = {6D791675-FAEF-40A6-A6E3-C341C98B840C}
		{713AC9D0-DA1D-40D3-8002-70D2CC5C4D6F} = {AF64F442-6C64-420F-9319-EB0A14A25C1B}
		{A3CA9A78-4FAF-47C0-9CD0-9B864DF7BAE5} = {6D791675-FAEF-40A6-A6E3-C341C98B840C}
		{6F3E4854-5CD6-4863-AB2D-F5BEEE5EC0D1} = {6D791675-FAEF-40A6-A6E3-C341C98B840C}
		{ECC151BE-22FF-4D6D-9A13-27CED43257C2} = {6D791675-FAEF-40A6-A6E3-C341C98B840C}
		{65B4CECD-3124-4C42-8B02-A4B09F3C8DE7} = {6D791675-FAEF-40A6-A6E3-C341C98B840C}
		{23D67714-0E29-442E-88B5-577E6B56A04B} = {6D791675-FAEF-40A6-A6E3-C341C98B840C}
		{ABC5C77A-DEBA-420C-926C-BD3E6F37AE15} = {BD0F359F-F72F-45E2-BC14-70ED2814309D}
		{4EA80D7B-B680-4AB8-BC4A-B51AF33A3FDE} = {BD0F359F-F72F-45E2-BC14-70ED2814309D}
		{73AB8C8C-6315-4DC7-A3DE-3C747F86AC78} = {BD0F359F-F72F-45E2-BC14-70ED2814309D}
	EndGlobalSection
	GlobalSection(ExtensibilityGlobals) = postSolution
		SolutionGuid = {D5C5ED51-CB25-476A-B6A0-825F187490FE}
	EndGlobalSection
EndGlobal
