
Microsoft Visual Studio Solution File, Format Version 11.00
# Visual Studio 2010
Project("{2150E333-8FDC-42A3-9474-1A3956D46DE8}") = "Newt", "Newt", "{AF64F442-6C64-420F-9319-EB0A14A25C1B}"
EndProject
Project("{2150E333-8FDC-42A3-9474-1A3956D46DE8}") = "Orig", "Orig", "{40030C7C-57FF-420D-9407-80D84DD6AF1E}"
EndProject
Project("{FAE04EC0-301F-11D3-BF4B-00C04F79EFBC}") = "GameTester", "GameTester\GameTester.csproj", "{41492AD1-890D-47F5-B3CA-A33B29364482}"
EndProject
Project("{FAE04EC0-301F-11D3-BF4B-00C04F79EFBC}") = "HelperClasses", "HelperClasses\HelperClasses.csproj", "{228F5901-5156-43DF-B377-627D80B4FDBC}"
EndProject
Project("{FAE04EC0-301F-11D3-BF4B-00C04F79EFBC}") = "HelperClassesOrig", "Orig\HelperClasses\HelperClassesOrig.csproj", "{F625ABD5-0378-4524-BA6F-A89C63D546FE}"
EndProject
Project("{FAE04EC0-301F-11D3-BF4B-00C04F79EFBC}") = "HelperClassesGDI", "Orig\HelperClassesGDI\HelperClassesGDI.csproj", "{491C4322-B760-4898-AE62-F52029C6C78D}"
EndProject
Project("{FAE04EC0-301F-11D3-BF4B-00C04F79EFBC}") = "HelperClassesWPF", "Orig\HelperClassesWPF\HelperClassesWPF.csproj", "{94B5B104-07B0-4014-B17C-E09C6F18F473}"
EndProject
Project("{FAE04EC0-301F-11D3-BF4B-00C04F79EFBC}") = "Map", "Orig\Map\Map.csproj", "{9595B310-A0E9-48A0-A011-91584138C027}"
EndProject
Project("{FAE04EC0-301F-11D3-BF4B-00C04F79EFBC}") = "Math3D", "Orig\Math3D\Math3D.csproj", "{68F469F1-0A7D-4E74-B311-E29583551D6D}"
EndProject
Project("{FAE04EC0-301F-11D3-BF4B-00C04F79EFBC}") = "TestersGDI", "Orig\TestersGDI\TestersGDI.csproj", "{DA0C3B05-D45D-4F47-8F3A-9FA38A2DBA70}"
EndProject
Project("{FAE04EC0-301F-11D3-BF4B-00C04F79EFBC}") = "TestersWPF", "Orig\TestersWPF\TestersWPF.csproj", "{E5965C20-42B3-4F56-BCA4-68509E2AC19F}"
EndProject
Project("{FAE04EC0-301F-11D3-BF4B-00C04F79EFBC}") = "AsteroidMiner_153", "Newt\AsteroidMiner_153\AsteroidMiner_153.csproj", "{B2665AD3-8C78-4A12-A6D9-F117225AD904}"
EndProject
Project("{FAE04EC0-301F-11D3-BF4B-00C04F79EFBC}") = "HelperClasses", "Newt\HelperClasses\HelperClasses.csproj", "{0F6B42D4-C2C8-499A-897D-76D4CE6D0DB6}"
EndProject
Project("{FAE04EC0-301F-11D3-BF4B-00C04F79EFBC}") = "NewtonDynamics", "Newt\NewtonDynamics\NewtonDynamics.csproj", "{6C91684B-DE51-4CBB-920D-F5B267709799}"
EndProject
Project("{FAE04EC0-301F-11D3-BF4B-00C04F79EFBC}") = "NewtonDynamics_153", "Newt\NewtonDynamics_153\NewtonDynamics_153.csproj", "{57517A06-CFFA-471D-B540-819727E3AAE7}"
EndProject
Project("{FAE04EC0-301F-11D3-BF4B-00C04F79EFBC}") = "Testers", "Newt\Testers\Testers.csproj", "{713AC9D0-DA1D-40D3-8002-70D2CC5C4D6F}"
EndProject
Project("{FAE04EC0-301F-11D3-BF4B-00C04F79EFBC}") = "AsteroidMiner2", "Newt\AsteroidMiner2\AsteroidMiner2.csproj", "{A80968C6-78CD-4D22-BFE9-364991784478}"
EndProject
Global
	GlobalSection(SolutionConfigurationPlatforms) = preSolution
		Debug|Any CPU = Debug|Any CPU
		Release|Any CPU = Release|Any CPU
	EndGlobalSection
	GlobalSection(ProjectConfigurationPlatforms) = postSolution
		{41492AD1-890D-47F5-B3CA-A33B29364482}.Debug|Any CPU.ActiveCfg = Debug|Any CPU
		{41492AD1-890D-47F5-B3CA-A33B29364482}.Debug|Any CPU.Build.0 = Debug|Any CPU
		{41492AD1-890D-47F5-B3CA-A33B29364482}.Release|Any CPU.ActiveCfg = Release|Any CPU
		{41492AD1-890D-47F5-B3CA-A33B29364482}.Release|Any CPU.Build.0 = Release|Any CPU
		{228F5901-5156-43DF-B377-627D80B4FDBC}.Debug|Any CPU.ActiveCfg = Debug|Any CPU
		{228F5901-5156-43DF-B377-627D80B4FDBC}.Debug|Any CPU.Build.0 = Debug|Any CPU
		{228F5901-5156-43DF-B377-627D80B4FDBC}.Release|Any CPU.ActiveCfg = Release|Any CPU
		{228F5901-5156-43DF-B377-627D80B4FDBC}.Release|Any CPU.Build.0 = Release|Any CPU
		{F625ABD5-0378-4524-BA6F-A89C63D546FE}.Debug|Any CPU.ActiveCfg = Debug|Any CPU
		{F625ABD5-0378-4524-BA6F-A89C63D546FE}.Debug|Any CPU.Build.0 = Debug|Any CPU
		{F625ABD5-0378-4524-BA6F-A89C63D546FE}.Release|Any CPU.ActiveCfg = Release|Any CPU
		{F625ABD5-0378-4524-BA6F-A89C63D546FE}.Release|Any CPU.Build.0 = Release|Any CPU
		{491C4322-B760-4898-AE62-F52029C6C78D}.Debug|Any CPU.ActiveCfg = Debug|Any CPU
		{491C4322-B760-4898-AE62-F52029C6C78D}.Debug|Any CPU.Build.0 = Debug|Any CPU
		{491C4322-B760-4898-AE62-F52029C6C78D}.Release|Any CPU.ActiveCfg = Release|Any CPU
		{491C4322-B760-4898-AE62-F52029C6C78D}.Release|Any CPU.Build.0 = Release|Any CPU
		{94B5B104-07B0-4014-B17C-E09C6F18F473}.Debug|Any CPU.ActiveCfg = Debug|Any CPU
		{94B5B104-07B0-4014-B17C-E09C6F18F473}.Debug|Any CPU.Build.0 = Debug|Any CPU
		{94B5B104-07B0-4014-B17C-E09C6F18F473}.Release|Any CPU.ActiveCfg = Release|Any CPU
		{94B5B104-07B0-4014-B17C-E09C6F18F473}.Release|Any CPU.Build.0 = Release|Any CPU
		{9595B310-A0E9-48A0-A011-91584138C027}.Debug|Any CPU.ActiveCfg = Debug|Any CPU
		{9595B310-A0E9-48A0-A011-91584138C027}.Debug|Any CPU.Build.0 = Debug|Any CPU
		{9595B310-A0E9-48A0-A011-91584138C027}.Release|Any CPU.ActiveCfg = Release|Any CPU
		{9595B310-A0E9-48A0-A011-91584138C027}.Release|Any CPU.Build.0 = Release|Any CPU
		{68F469F1-0A7D-4E74-B311-E29583551D6D}.Debug|Any CPU.ActiveCfg = Debug|Any CPU
		{68F469F1-0A7D-4E74-B311-E29583551D6D}.Debug|Any CPU.Build.0 = Debug|Any CPU
		{68F469F1-0A7D-4E74-B311-E29583551D6D}.Release|Any CPU.ActiveCfg = Release|Any CPU
		{68F469F1-0A7D-4E74-B311-E29583551D6D}.Release|Any CPU.Build.0 = Release|Any CPU
		{DA0C3B05-D45D-4F47-8F3A-9FA38A2DBA70}.Debug|Any CPU.ActiveCfg = Debug|Any CPU
		{DA0C3B05-D45D-4F47-8F3A-9FA38A2DBA70}.Debug|Any CPU.Build.0 = Debug|Any CPU
		{DA0C3B05-D45D-4F47-8F3A-9FA38A2DBA70}.Release|Any CPU.ActiveCfg = Release|Any CPU
		{DA0C3B05-D45D-4F47-8F3A-9FA38A2DBA70}.Release|Any CPU.Build.0 = Release|Any CPU
		{E5965C20-42B3-4F56-BCA4-68509E2AC19F}.Debug|Any CPU.ActiveCfg = Debug|Any CPU
		{E5965C20-42B3-4F56-BCA4-68509E2AC19F}.Debug|Any CPU.Build.0 = Debug|Any CPU
		{E5965C20-42B3-4F56-BCA4-68509E2AC19F}.Release|Any CPU.ActiveCfg = Release|Any CPU
		{E5965C20-42B3-4F56-BCA4-68509E2AC19F}.Release|Any CPU.Build.0 = Release|Any CPU
		{B2665AD3-8C78-4A12-A6D9-F117225AD904}.Debug|Any CPU.ActiveCfg = Debug|Any CPU
		{B2665AD3-8C78-4A12-A6D9-F117225AD904}.Debug|Any CPU.Build.0 = Debug|Any CPU
		{B2665AD3-8C78-4A12-A6D9-F117225AD904}.Release|Any CPU.ActiveCfg = Release|Any CPU
		{B2665AD3-8C78-4A12-A6D9-F117225AD904}.Release|Any CPU.Build.0 = Release|Any CPU
		{0F6B42D4-C2C8-499A-897D-76D4CE6D0DB6}.Debug|Any CPU.ActiveCfg = Debug|Any CPU
		{0F6B42D4-C2C8-499A-897D-76D4CE6D0DB6}.Debug|Any CPU.Build.0 = Debug|Any CPU
		{0F6B42D4-C2C8-499A-897D-76D4CE6D0DB6}.Release|Any CPU.ActiveCfg = Release|Any CPU
		{0F6B42D4-C2C8-499A-897D-76D4CE6D0DB6}.Release|Any CPU.Build.0 = Release|Any CPU
		{6C91684B-DE51-4CBB-920D-F5B267709799}.Debug|Any CPU.ActiveCfg = Debug|Any CPU
		{6C91684B-DE51-4CBB-920D-F5B267709799}.Debug|Any CPU.Build.0 = Debug|Any CPU
		{6C91684B-DE51-4CBB-920D-F5B267709799}.Release|Any CPU.ActiveCfg = Release|Any CPU
		{6C91684B-DE51-4CBB-920D-F5B267709799}.Release|Any CPU.Build.0 = Release|Any CPU
		{57517A06-CFFA-471D-B540-819727E3AAE7}.Debug|Any CPU.ActiveCfg = Debug|Any CPU
		{57517A06-CFFA-471D-B540-819727E3AAE7}.Debug|Any CPU.Build.0 = Debug|Any CPU
		{57517A06-CFFA-471D-B540-819727E3AAE7}.Release|Any CPU.ActiveCfg = Release|Any CPU
		{57517A06-CFFA-471D-B540-819727E3AAE7}.Release|Any CPU.Build.0 = Release|Any CPU
		{713AC9D0-DA1D-40D3-8002-70D2CC5C4D6F}.Debug|Any CPU.ActiveCfg = Debug|Any CPU
		{713AC9D0-DA1D-40D3-8002-70D2CC5C4D6F}.Debug|Any CPU.Build.0 = Debug|Any CPU
		{713AC9D0-DA1D-40D3-8002-70D2CC5C4D6F}.Release|Any CPU.ActiveCfg = Release|Any CPU
		{713AC9D0-DA1D-40D3-8002-70D2CC5C4D6F}.Release|Any CPU.Build.0 = Release|Any CPU
		{A80968C6-78CD-4D22-BFE9-364991784478}.Debug|Any CPU.ActiveCfg = Debug|Any CPU
		{A80968C6-78CD-4D22-BFE9-364991784478}.Debug|Any CPU.Build.0 = Debug|Any CPU
		{A80968C6-78CD-4D22-BFE9-364991784478}.Release|Any CPU.ActiveCfg = Release|Any CPU
		{A80968C6-78CD-4D22-BFE9-364991784478}.Release|Any CPU.Build.0 = Release|Any CPU
	EndGlobalSection
	GlobalSection(SolutionProperties) = preSolution
		HideSolutionNode = FALSE
	EndGlobalSection
	GlobalSection(NestedProjects) = preSolution
		{B2665AD3-8C78-4A12-A6D9-F117225AD904} = {AF64F442-6C64-420F-9319-EB0A14A25C1B}
		{0F6B42D4-C2C8-499A-897D-76D4CE6D0DB6} = {AF64F442-6C64-420F-9319-EB0A14A25C1B}
		{6C91684B-DE51-4CBB-920D-F5B267709799} = {AF64F442-6C64-420F-9319-EB0A14A25C1B}
		{57517A06-CFFA-471D-B540-819727E3AAE7} = {AF64F442-6C64-420F-9319-EB0A14A25C1B}
		{713AC9D0-DA1D-40D3-8002-70D2CC5C4D6F} = {AF64F442-6C64-420F-9319-EB0A14A25C1B}
		{A80968C6-78CD-4D22-BFE9-364991784478} = {AF64F442-6C64-420F-9319-EB0A14A25C1B}
		{F625ABD5-0378-4524-BA6F-A89C63D546FE} = {40030C7C-57FF-420D-9407-80D84DD6AF1E}
		{491C4322-B760-4898-AE62-F52029C6C78D} = {40030C7C-57FF-420D-9407-80D84DD6AF1E}
		{94B5B104-07B0-4014-B17C-E09C6F18F473} = {40030C7C-57FF-420D-9407-80D84DD6AF1E}
		{9595B310-A0E9-48A0-A011-91584138C027} = {40030C7C-57FF-420D-9407-80D84DD6AF1E}
		{68F469F1-0A7D-4E74-B311-E29583551D6D} = {40030C7C-57FF-420D-9407-80D84DD6AF1E}
		{DA0C3B05-D45D-4F47-8F3A-9FA38A2DBA70} = {40030C7C-57FF-420D-9407-80D84DD6AF1E}
		{E5965C20-42B3-4F56-BCA4-68509E2AC19F} = {40030C7C-57FF-420D-9407-80D84DD6AF1E}
	EndGlobalSection
EndGlobal
